
Microsoft Visual Studio Solution File, Format Version 12.00
# Visual Studio Version 17
VisualStudioVersion = 17.14.37301.10 d17.14
MinimumVisualStudioVersion = 10.0.40219.1
Project("{FAE04EC0-301F-11D3-BF4B-00C04F79EFBC}") = "FakeNewsAPI", "FakeNewsAPI\FakeNewsAPI.csproj", "{C2B25E4D-D0A5-40DD-B87C-5F9524A32C61}"
EndProject
Global
	GlobalSection(SolutionConfigurationPlatforms) = preSolution
		Debug|Any CPU = Debug|Any CPU
		Release|Any CPU = Release|Any CPU
	EndGlobalSection
	GlobalSection(ProjectConfigurationPlatforms) = postSolution
		{C2B25E4D-D0A5-40DD-B87C-5F9524A32C61}.Debug|Any CPU.ActiveCfg = Debug|Any CPU
		{C2B25E4D-D0A5-40DD-B87C-5F9524A32C61}.Debug|Any CPU.Build.0 = Debug|Any CPU
		{C2B25E4D-D0A5-40DD-B87C-5F9524A32C61}.Release|Any CPU.ActiveCfg = Release|Any CPU
		{C2B25E4D-D0A5-40DD-B87C-5F9524A32C61}.Release|Any CPU.Build.0 = Release|Any CPU
	EndGlobalSection
	GlobalSection(SolutionProperties) = preSolution
		HideSolutionNode = FALSE
	EndGlobalSection
	GlobalSection(ExtensibilityGlobals) = postSolution
		SolutionGuid = {AFB99EE8-E1E0-4CC1-B4C9-0659944636F4}
	EndGlobalSection
EndGlobal
